<?xml version="1.0" encoding="utf-8"?>
<Project ToolsVersion="4.0" xmlns="http://schemas.microsoft.com/developer/msbuild/2003">
  <ItemGroup>
    <Filter Include="Source Files">
      <UniqueIdentifier>{4FC737F1-C7A5-4376-A066-2A32D752A2FF}</UniqueIdentifier>
      <Extensions>cpp;c;cc;cxx;def;odl;idl;hpj;bat;asm;asmx</Extensions>
    </Filter>
    <Filter Include="Header Files">
      <UniqueIdentifier>{93995380-89BD-4b04-88EB-625FBE52EBFB}</UniqueIdentifier>
      <Extensions>h;hh;hpp;hxx;hm;inl;inc;xsd</Extensions>
    </Filter>
    <Filter Include="Resource Files">
      <UniqueIdentifier>{67DA6AB6-F800-4c08-8B7A-83BB121AAD01}</UniqueIdentifier>
      <Extensions>rc;ico;cur;bmp;dlg;rc2;rct;bin;rgs;gif;jpg;jpeg;jpe;resx;tiff;tif;png;wav;mfcribbon-ms</Extensions>
    </Filter>
    <Filter Include="Resource Files\Resources">
      <UniqueIdentifier>{53240f62-72ab-444b-a3d4-46f8b654a3ef}</UniqueIdentifier>
    </Filter>
    <Filter Include="Resource Files\Resources\Shaders">
      <UniqueIdentifier>{037c9021-d52c-4032-bb5d-3d94c5ce6eac}</UniqueIdentifier>
    </Filter>
    <Filter Include="Resource Files\Resources\Textures">
      <UniqueIdentifier>{66361b6e-403b-4c04-8267-5f54553a1664}</UniqueIdentifier>
    </Filter>
    <Filter Include="Resource Files\Resources\Fonts">
      <UniqueIdentifier>{f0e44942-e418-4304-af7f-f5cfd0da3fd7}</UniqueIdentifier>
    </Filter>
    <Filter Include="Resource Files\Resources\Data">
      <UniqueIdentifier>{9bce9a94-bce1-4797-bd48-c3a4892750a3}</UniqueIdentifier>
    </Filter>
  </ItemGroup>
  <ItemGroup>
    <ClCompile Include="main.cpp">
      <Filter>Source Files</Filter>
    </ClCompile>
    <ClCompile Include="Shader.cpp">
      <Filter>Source Files</Filter>
    </ClCompile>
    <ClCompile Include="Block.cpp">
      <Filter>Source Files</Filter>
    </ClCompile>
    <ClCompile Include="Chunk.cpp">
      <Filter>Source Files</Filter>
    </ClCompile>
    <ClCompile Include="ChunkManager.cpp">
      <Filter>Source Files</Filter>
    </ClCompile>
    <ClCompile Include="DataManager.cpp">
      <Filter>Source Files</Filter>
    </ClCompile>
    <ClCompile Include="Font.cpp">
      <Filter>Source Files</Filter>
    </ClCompile>
  </ItemGroup>
  <ItemGroup>
    <ClInclude Include="Shader.hpp">
      <Filter>Header Files</Filter>
    </ClInclude>
    <ClInclude Include="Block.hpp">
      <Filter>Header Files</Filter>
    </ClInclude>
    <ClInclude Include="Chunk.hpp">
      <Filter>Header Files</Filter>
    </ClInclude>
    <ClInclude Include="ChunkManager.hpp">
      <Filter>Header Files</Filter>
    </ClInclude>
    <ClInclude Include="DataManager.hpp">
      <Filter>Header Files</Filter>
    </ClInclude>
    <ClInclude Include="Font.hpp">
      <Filter>Header Files</Filter>
    </ClInclude>
  </ItemGroup>
  <ItemGroup>
    <None Include="Resources\Shaders\frag.glsl">
      <Filter>Resource Files\Resources\Shaders</Filter>
    </None>
    <None Include="Resources\Shaders\vert.glsl">
      <Filter>Resource Files\Resources\Shaders</Filter>
    </None>
    <None Include="Resources\Data\textureCoordinateData.data">
      <Filter>Resource Files\Resources\Data</Filter>
    </None>
  </ItemGroup>
  <ItemGroup>
    <Image Include="Resources\Textures\testcube.png">
      <Filter>Resource Files\Resources\Textures</Filter>
    </Image>
    <Image Include="Resources\Fonts\freemono.png">
      <Filter>Resource Files\Resources\Fonts</Filter>
    </Image>
  </ItemGroup>
</Project>